
Microsoft Visual Studio Solution File, Format Version 12.00
# Visual Studio 15
Project("{FAE04EC0-301F-11D3-BF4B-00C04F79EFBC}") = "Assembly-CSharp", "Assembly-CSharp.csproj", "{F918D9A9-ADA0-DD94-26C4-25B5546DD5D2}"
EndProject
Project("{FAE04EC0-301F-11D3-BF4B-00C04F79EFBC}") = "BigRookGames", "BigRookGames.csproj", "{E8B038A2-D926-F6C8-A2F7-223CB22C2803}"
EndProject
Project("{FAE04EC0-301F-11D3-BF4B-00C04F79EFBC}") = "Assembly-CSharp-Editor", "Assembly-CSharp-Editor.csproj", "{7F8FD73D-8783-243A-C5DC-2708CD22CD45}"
EndProject
Global
	GlobalSection(SolutionConfigurationPlatforms) = preSolution
		Debug|Any CPU = Debug|Any CPU
		Release|Any CPU = Release|Any CPU
	EndGlobalSection
	GlobalSection(ProjectConfigurationPlatforms) = postSolution
		{F918D9A9-ADA0-DD94-26C4-25B5546DD5D2}.Debug|Any CPU.ActiveCfg = Debug|Any CPU
		{F918D9A9-ADA0-DD94-26C4-25B5546DD5D2}.Debug|Any CPU.Build.0 = Debug|Any CPU
		{F918D9A9-ADA0-DD94-26C4-25B5546DD5D2}.Release|Any CPU.ActiveCfg = Release|Any CPU
		{F918D9A9-ADA0-DD94-26C4-25B5546DD5D2}.Release|Any CPU.Build.0 = Release|Any CPU
		{E8B038A2-D926-F6C8-A2F7-223CB22C2803}.Debug|Any CPU.ActiveCfg = Debug|Any CPU
		{E8B038A2-D926-F6C8-A2F7-223CB22C2803}.Debug|Any CPU.Build.0 = Debug|Any CPU
		{E8B038A2-D926-F6C8-A2F7-223CB22C2803}.Release|Any CPU.ActiveCfg = Release|Any CPU
		{E8B038A2-D926-F6C8-A2F7-223CB22C2803}.Release|Any CPU.Build.0 = Release|Any CPU
		{7F8FD73D-8783-243A-C5DC-2708CD22CD45}.Debug|Any CPU.ActiveCfg = Debug|Any CPU
		{7F8FD73D-8783-243A-C5DC-2708CD22CD45}.Debug|Any CPU.Build.0 = Debug|Any CPU
		{7F8FD73D-8783-243A-C5DC-2708CD22CD45}.Release|Any CPU.ActiveCfg = Release|Any CPU
		{7F8FD73D-8783-243A-C5DC-2708CD22CD45}.Release|Any CPU.Build.0 = Release|Any CPU
	EndGlobalSection
	GlobalSection(SolutionProperties) = preSolution
		HideSolutionNode = FALSE
	EndGlobalSection
EndGlobal
